Microsoft Visual Studio Solution File, Format Version 11.00
# Visual Studio 2008

Project("{4D64D295-DD58-E3BA-31C3-AF5F178E3163}") = "parafall", "Assembly-CSharp-vs.csproj", "{C54E8BB2-8E1D-3E3F-EF1D-2BCEF262373B}"
EndProject
Global
	GlobalSection(SolutionConfigurationPlatforms) = preSolution
		Debug|Any CPU = Debug|Any CPU
		Release|Any CPU = Release|Any CPU
	EndGlobalSection
	GlobalSection(ProjectConfigurationPlatforms) = postSolution
		{C54E8BB2-8E1D-3E3F-EF1D-2BCEF262373B}.Debug|Any CPU.ActiveCfg = Debug|Any CPU
		{C54E8BB2-8E1D-3E3F-EF1D-2BCEF262373B}.Debug|Any CPU.Build.0 = Debug|Any CPU
		{C54E8BB2-8E1D-3E3F-EF1D-2BCEF262373B}.Release|Any CPU.ActiveCfg = Release|Any CPU
		{C54E8BB2-8E1D-3E3F-EF1D-2BCEF262373B}.Release|Any CPU.Build.0 = Release|Any CPU
	EndGlobalSection
	GlobalSection(SolutionProperties) = preSolution
		HideSolutionNode = FALSE
	EndGlobalSection
																																																																																																																																																																																																																																																											GlobalSection(MonoDevelopProperties) = preSolution
		StartupItem = Assembly-CSharp.csproj
		Policies = $0
		$0.TextStylePolicy = $1
		$1.inheritsSet = null
		$1.scope = text/x-csharp
		$0.CSharpFormattingPolicy = $2
		$2.inheritsSet = Mono
		$2.inheritsScope = text/x-csharp
		$2.scope = text/x-csharp
		$0.TextStylePolicy = $3
		$3.FileWidth = 120
		$3.TabWidth = 4
		$3.EolMarker = Unix
		$3.inheritsSet = Mono
		$3.inheritsScope = text/plain
		$3.scope = text/plain
	EndGlobalSection

EndGlobal
